
Microsoft Visual Studio Solution File, Format Version 12.00
# Visual Studio Version 17
VisualStudioVersion = 17.5.33424.131
MinimumVisualStudioVersion = 10.0.40219.1
Project("{FAE04EC0-301F-11D3-BF4B-00C04F79EFBC}") = "TestBible", "TestBible\TestBible.csproj", "{5BF59558-5D1D-4F4C-B210-3570C8D31412}"
EndProject
Project("{FAE04EC0-301F-11D3-BF4B-00C04F79EFBC}") = "DesBible", "DesBible\DesBible.csproj", "{86BBCD89-B2B3-4C3B-AD6A-D0A450FBD683}"
EndProject
Project("{FAE04EC0-301F-11D3-BF4B-00C04F79EFBC}") = "CoffeTheme", "CoffeTheme\CoffeTheme.csproj", "{EA052A4A-3867-4CE9-B4C7-C6CE5DCAADD5}"
EndProject
Global
	GlobalSection(SolutionConfigurationPlatforms) = preSolution
		Debug|Any CPU = Debug|Any CPU
		Release|Any CPU = Release|Any CPU
	EndGlobalSection
	GlobalSection(ProjectConfigurationPlatforms) = postSolution
		{5BF59558-5D1D-4F4C-B210-3570C8D31412}.Debug|Any CPU.ActiveCfg = Debug|Any CPU
		{5BF59558-5D1D-4F4C-B210-3570C8D31412}.Debug|Any CPU.Build.0 = Debug|Any CPU
		{5BF59558-5D1D-4F4C-B210-3570C8D31412}.Release|Any CPU.ActiveCfg = Release|Any CPU
		{5BF59558-5D1D-4F4C-B210-3570C8D31412}.Release|Any CPU.Build.0 = Release|Any CPU
		{86BBCD89-B2B3-4C3B-AD6A-D0A450FBD683}.Debug|Any CPU.ActiveCfg = Debug|Any CPU
		{86BBCD89-B2B3-4C3B-AD6A-D0A450FBD683}.Debug|Any CPU.Build.0 = Debug|Any CPU
		{86BBCD89-B2B3-4C3B-AD6A-D0A450FBD683}.Release|Any CPU.ActiveCfg = Release|Any CPU
		{86BBCD89-B2B3-4C3B-AD6A-D0A450FBD683}.Release|Any CPU.Build.0 = Release|Any CPU
		{EA052A4A-3867-4CE9-B4C7-C6CE5DCAADD5}.Debug|Any CPU.ActiveCfg = Debug|Any CPU
		{EA052A4A-3867-4CE9-B4C7-C6CE5DCAADD5}.Debug|Any CPU.Build.0 = Debug|Any CPU
		{EA052A4A-3867-4CE9-B4C7-C6CE5DCAADD5}.Release|Any CPU.ActiveCfg = Release|Any CPU
		{EA052A4A-3867-4CE9-B4C7-C6CE5DCAADD5}.Release|Any CPU.Build.0 = Release|Any CPU
	EndGlobalSection
	GlobalSection(SolutionProperties) = preSolution
		HideSolutionNode = FALSE
	EndGlobalSection
	GlobalSection(ExtensibilityGlobals) = postSolution
		SolutionGuid = {0BBB963E-6BD7-474E-8C6D-E326B63F6C1B}
	EndGlobalSection
EndGlobal
